
Microsoft Visual Studio Solution File, Format Version 12.00
# Visual Studio 15
Project("{FAE04EC0-301F-11D3-BF4B-00C04F79EFBC}") = "Assembly-CSharp", "Assembly-CSharp.csproj", "{DCDCB0F0-93AB-5473-1D80-C0BA60AE34EB}"
EndProject
Global
	GlobalSection(SolutionConfigurationPlatforms) = preSolution
		Debug|Any CPU = Debug|Any CPU
		Release|Any CPU = Release|Any CPU
	EndGlobalSection
	GlobalSection(ProjectConfigurationPlatforms) = postSolution
		{DCDCB0F0-93AB-5473-1D80-C0BA60AE34EB}.Debug|Any CPU.ActiveCfg = Debug|Any CPU
		{DCDCB0F0-93AB-5473-1D80-C0BA60AE34EB}.Debug|Any CPU.Build.0 = Debug|Any CPU
		{DCDCB0F0-93AB-5473-1D80-C0BA60AE34EB}.Release|Any CPU.ActiveCfg = Release|Any CPU
		{DCDCB0F0-93AB-5473-1D80-C0BA60AE34EB}.Release|Any CPU.Build.0 = Release|Any CPU
	EndGlobalSection
	GlobalSection(SolutionProperties) = preSolution
		HideSolutionNode = FALSE
	EndGlobalSection
EndGlobal
